github.com/tmthrgd/go-memset v0.0.0-20190904060434-6fb7a21f88f1 h1:KfSLDmc6rrLHr//urKbNApu51nt2AzdrwBCxqq0gRlk=
github.com/tmthrgd/go-memset v0.0.0-20190904060434-6fb7a21f88f1/go.mod h1:xUkvcKF3VBDKFmmqCtW333lognWBHzSScj4fgjVB0Ek=
golang.org/x/sys v0.0.0-20200625212154-ddb9806d33ae h1:Ih9Yo4hSPImZOpfGuA4bR/ORKTAbhZo2AbWNRCnevdo=
golang.org/x/sys v0.0.0-20200625212154-ddb9806d33ae/go.mod h1:h1NjWce9XRLGQEsW7wpKNCjG9DtNlClVuFLEZdDNbEs=
